
Microsoft Visual Studio Solution File, Format Version 11.00
# Visual Studio 2010
Project("{FAE04EC0-301F-11D3-BF4B-00C04F79EFBC}") = "FileParser", "FileParser\FileParser.csproj", "{912B938F-2CF9-407E-9AF9-BC685657F564}"
EndProject
Global
	GlobalSection(SolutionConfigurationPlatforms) = preSolution
		Debug|Any CPU = Debug|Any CPU
		Release|Any CPU = Release|Any CPU
	EndGlobalSection
	GlobalSection(ProjectConfigurationPlatforms) = postSolution
		{912B938F-2CF9-407E-9AF9-BC685657F564}.Debug|Any CPU.ActiveCfg = Debug|Any CPU
		{912B938F-2CF9-407E-9AF9-BC685657F564}.Debug|Any CPU.Build.0 = Debug|Any CPU
		{912B938F-2CF9-407E-9AF9-BC685657F564}.Release|Any CPU.ActiveCfg = Release|Any CPU
		{912B938F-2CF9-407E-9AF9-BC685657F564}.Release|Any CPU.Build.0 = Release|Any CPU
	EndGlobalSection
	GlobalSection(SolutionProperties) = preSolution
		HideSolutionNode = FALSE
	EndGlobalSection
EndGlobal
